
Microsoft Visual Studio Solution File, Format Version 12.00
# Visual Studio Version 16
VisualStudioVersion = 16.0.30804.86
MinimumVisualStudioVersion = 10.0.40219.1
Project("{9A19103F-16F7-4668-BE54-9A1E7A4F7556}") = "DockerizeAsPNetCoreMVC", "DockerizeAsPNetCoreMVC\DockerizeAsPNetCoreMVC.csproj", "{B87DFF9E-7BB4-4B7A-A58A-49ECF360DE6D}"
EndProject
Project("{FAE04EC0-301F-11D3-BF4B-00C04F79EFBC}") = "ConsoleApp2", "ConsoleApp2\ConsoleApp2.csproj", "{94F76767-996B-416A-9A16-DE96602D9C90}"
EndProject
Global
	GlobalSection(SolutionConfigurationPlatforms) = preSolution
		Debug|Any CPU = Debug|Any CPU
		Release|Any CPU = Release|Any CPU
	EndGlobalSection
	GlobalSection(ProjectConfigurationPlatforms) = postSolution
		{B87DFF9E-7BB4-4B7A-A58A-49ECF360DE6D}.Debug|Any CPU.ActiveCfg = Debug|Any CPU
		{B87DFF9E-7BB4-4B7A-A58A-49ECF360DE6D}.Debug|Any CPU.Build.0 = Debug|Any CPU
		{B87DFF9E-7BB4-4B7A-A58A-49ECF360DE6D}.Release|Any CPU.ActiveCfg = Release|Any CPU
		{B87DFF9E-7BB4-4B7A-A58A-49ECF360DE6D}.Release|Any CPU.Build.0 = Release|Any CPU
		{94F76767-996B-416A-9A16-DE96602D9C90}.Debug|Any CPU.ActiveCfg = Debug|Any CPU
		{94F76767-996B-416A-9A16-DE96602D9C90}.Debug|Any CPU.Build.0 = Debug|Any CPU
		{94F76767-996B-416A-9A16-DE96602D9C90}.Release|Any CPU.ActiveCfg = Release|Any CPU
		{94F76767-996B-416A-9A16-DE96602D9C90}.Release|Any CPU.Build.0 = Release|Any CPU
	EndGlobalSection
	GlobalSection(SolutionProperties) = preSolution
		HideSolutionNode = FALSE
	EndGlobalSection
	GlobalSection(ExtensibilityGlobals) = postSolution
		SolutionGuid = {B868FE4B-9B7E-4CB1-8C6B-456191063E32}
	EndGlobalSection
EndGlobal
